
Microsoft Visual Studio Solution File, Format Version 12.00
# Visual Studio Version 17
VisualStudioVersion = 17.4.33205.214
MinimumVisualStudioVersion = 10.0.40219.1
Project("{FAE04EC0-301F-11D3-BF4B-00C04F79EFBC}") = "ProductPRoject", "ProductPRoject\ProductPRoject.csproj", "{7DF8EFB3-3939-4C9A-B7E9-36C63F484130}"
EndProject
Global
	GlobalSection(SolutionConfigurationPlatforms) = preSolution
		Debug|Any CPU = Debug|Any CPU
		Release|Any CPU = Release|Any CPU
	EndGlobalSection
	GlobalSection(ProjectConfigurationPlatforms) = postSolution
		{7DF8EFB3-3939-4C9A-B7E9-36C63F484130}.Debug|Any CPU.ActiveCfg = Debug|Any CPU
		{7DF8EFB3-3939-4C9A-B7E9-36C63F484130}.Debug|Any CPU.Build.0 = Debug|Any CPU
		{7DF8EFB3-3939-4C9A-B7E9-36C63F484130}.Release|Any CPU.ActiveCfg = Release|Any CPU
		{7DF8EFB3-3939-4C9A-B7E9-36C63F484130}.Release|Any CPU.Build.0 = Release|Any CPU
	EndGlobalSection
	GlobalSection(SolutionProperties) = preSolution
		HideSolutionNode = FALSE
	EndGlobalSection
	GlobalSection(ExtensibilityGlobals) = postSolution
		SolutionGuid = {5B28E212-3FA8-4921-AAB2-64FE8D718F25}
	EndGlobalSection
EndGlobal
